{
    "_readme": [
        "This file locks the dependencies of your project to a known state",
        "Read more about it at https://getcomposer.org/doc/01-basic-usage.md#composer-lock-the-lock-file",
        "This file is @generated automatically"
    ],
    "hash": "1dab2f211915774e5540315e57ff770d",
    "packages": [
        {
            "name": "grandt/binstring",
            "version": "0.2.0",
            "source": {
                "type": "git",
                "url": "https://github.com/Grandt/PHPBinString.git",
                "reference": "fc619d3eb291cd953166e0143c43ca2b3137622f"
            },
            "dist": {
                "type": "zip",
                "url": "https://api.github.com/repos/Grandt/PHPBinString/zipball/fc619d3eb291cd953166e0143c43ca2b3137622f",
                "reference": "fc619d3eb291cd953166e0143c43ca2b3137622f",
                "shasum": ""
            },
            "require": {
                "php": ">=5.0"
            },
            "type": "library",
            "autoload": {
                "classmap": [
                    "BinString.php",
                    "BinStringStatic.php"
                ]
            },
            "notification-url": "https://packagist.org/downloads/",
            "license": [
                "LGPL-2.1"
            ],
            "authors": [
                {
                    "name": "A. Grandt",
                    "email": "php@grandt.com",
                    "role": "Developer"
                }
            ],
            "description": "A class for working around the use of mbstring.func_override",
            "homepage": "https://github.com/Grandt/PHPBinString",
            "keywords": [
                "binary strings",
                "mbstring"
            ],
            "time": "2014-08-05 06:21:17"
        },
        {
            "name": "grandt/phpepub",
            "version": "4.0.1",
            "source": {
                "type": "git",
                "url": "https://github.com/Grandt/PHPePub.git",
                "reference": "8d790c6dee0dbf69cd94a11c4bc46551a6e5a11f"
            },
            "dist": {
                "type": "zip",
                "url": "https://api.github.com/repos/Grandt/PHPePub/zipball/8d790c6dee0dbf69cd94a11c4bc46551a6e5a11f",
                "reference": "8d790c6dee0dbf69cd94a11c4bc46551a6e5a11f",
                "shasum": ""
            },
            "require": {
                "grandt/phpresizegif": ">=1.0.3",
                "grandt/relativepath": ">=1.0.1",
                "php": ">=5.3.0",
                "phpzip/phpzip": ">=2.0.7"
            },
            "type": "library",
            "autoload": {
                "psr-4": {
                    "PHPePub\\": "src/PHPePub"
                },
                "classmap": [
                    "src/lib.uuid.php"
                ]
            },
            "notification-url": "https://packagist.org/downloads/",
            "license": [
                "LGPL-2.1"
            ],
            "authors": [
                {
                    "name": "A. Grandt",
                    "email": "php@grandt.com",
                    "homepage": "http://grandt.com",
                    "role": "Developer"
                }
            ],
            "description": "Package to create and stream e-books in the ePub 2.0 and 3.0 formats.",
            "homepage": "https://github.com/Grandt/PHPZip",
            "keywords": [
                "e-book",
                "epub"
            ],
            "time": "2015-07-02 04:24:38"
        },
        {
            "name": "grandt/phpresizegif",
            "version": "1.0.3",
            "source": {
                "type": "git",
                "url": "https://github.com/Grandt/PHPResizeGif.git",
                "reference": "775f6810fcda2fd1d8ca881d44a80c8d310ae7fe"
            },
            "dist": {
                "type": "zip",
                "url": "https://api.github.com/repos/Grandt/PHPResizeGif/zipball/775f6810fcda2fd1d8ca881d44a80c8d310ae7fe",
                "reference": "775f6810fcda2fd1d8ca881d44a80c8d310ae7fe",
                "shasum": ""
            },
            "require": {
                "grandt/binstring": ">=0.2.0",
                "php": ">=5.3.0"
            },
            "type": "library",
            "autoload": {
                "psr-4": {
                    "grandt\\ResizeGif\\": "src/ResizeGif",
                    "grandt\\ResizeGif\\Files\\": "src/ResizeGif/Files",
                    "grandt\\ResizeGif\\Structure\\": "src/ResizeGif/Structure",
                    "grandt\\ResizeGif\\Debug\\": "src/ResizeGif/Debug"
                }
            },
            "notification-url": "https://packagist.org/downloads/",
            "license": [
                "LGPL-2.1"
            ],
            "authors": [
                {
                    "name": "A. Grandt",
                    "email": "php@grandt.com",
                    "homepage": "http://grandt.com",
                    "role": "Developer"
                }
            ],
            "description": "GIF89a compliant Gif resizer, including transparency and optimized gifs with sub sized elements.",
            "homepage": "https://github.com/Grandt/PHPResizeGif",
            "keywords": [
                "GIF89a",
                "animated gif",
                "gif",
                "resize"
            ],
            "time": "2015-05-10 10:52:24"
        },
        {
            "name": "grandt/phpzipmerge",
            "version": "1.0.3",
            "source": {
                "type": "git",
                "url": "https://github.com/Grandt/PHPZipMerge.git",
                "reference": "b254713a341b94794f2a97112c470216460a4995"
            },
            "dist": {
                "type": "zip",
                "url": "https://api.github.com/repos/Grandt/PHPZipMerge/zipball/b254713a341b94794f2a97112c470216460a4995",
                "reference": "b254713a341b94794f2a97112c470216460a4995",
                "shasum": ""
            },
            "require": {
                "grandt/binstring": ">=0.2.0",
                "grandt/relativepath": ">=1.0.1",
                "php": ">=5.3.0"
            },
            "type": "library",
            "autoload": {
                "psr-4": {
                    "ZipMerge\\": "src/ZipMerge"
                }
            },
            "notification-url": "https://packagist.org/downloads/",
            "license": [
                "LGPL-2.1"
            ],
            "authors": [
                {
                    "name": "A. Grandt",
                    "email": "php@grandt.com",
                    "homepage": "http://grandt.com",
                    "role": "Developer"
                },
                {
                    "name": "Greg Kappatos",
                    "homepage": "http://websiteconnect.com.au",
                    "role": "Developer"
                }
            ],
            "description": "Merge and stream multiple Zip files on the fly.",
            "homepage": "https://github.com/Grandt/PHPZipMerge",
            "keywords": [
                "archive",
                "compressed",
                "compression",
                "merge",
                "phpzip",
                "pkzip",
                "stream",
                "zip"
            ],
            "time": "2015-04-30 06:35:34"
        },
        {
            "name": "grandt/relativepath",
            "version": "1.0.2",
            "source": {
                "type": "git",
                "url": "https://github.com/Grandt/PHPRelativePath.git",
                "reference": "19541133c24143b6295688472c54dd6ed15a5462"
            },
            "dist": {
                "type": "zip",
                "url": "https://api.github.com/repos/Grandt/PHPRelativePath/zipball/19541133c24143b6295688472c54dd6ed15a5462",
                "reference": "19541133c24143b6295688472c54dd6ed15a5462",
                "shasum": ""
            },
            "require": {
                "php": ">=5.0"
            },
            "type": "library",
            "autoload": {
                "classmap": [
                    "RelativePath.php"
                ]
            },
            "notification-url": "https://packagist.org/downloads/",
            "license": [
                "LGPL-2.1"
            ],
            "authors": [
                {
                    "name": "A. Grandt",
                    "email": "php@grandt.com",
                    "role": "Developer"
                }
            ],
            "description": "A class for cleaning up/collapsing relative paths. Like real_path, but without the need for the path to exist on the filesystem.",
            "homepage": "https://github.com/Grandt/PHPRelativePath",
            "keywords": [
                "file path"
            ],
            "time": "2015-05-14 08:18:23"
        },
        {
            "name": "masterminds/html5",
            "version": "2.1.2",
            "source": {
                "type": "git",
                "url": "https://github.com/Masterminds/html5-php.git",
                "reference": "8f782e0f01a6e33a319bdc8f6de9cfd6569979a4"
            },
            "dist": {
                "type": "zip",
                "url": "https://api.github.com/repos/Masterminds/html5-php/zipball/8f782e0f01a6e33a319bdc8f6de9cfd6569979a4",
                "reference": "8f782e0f01a6e33a319bdc8f6de9cfd6569979a4",
                "shasum": ""
            },
            "require": {
                "ext-libxml": "*",
                "php": ">=5.3.0"
            },
            "require-dev": {
                "phpunit/phpunit": "4.*",
                "sami/sami": "~2.0",
                "satooshi/php-coveralls": "0.6.*"
            },
            "type": "library",
            "extra": {
                "branch-alias": {
                    "dev-master": "2.1-dev"
                }
            },
            "autoload": {
                "psr-4": {
                    "Masterminds\\": "src"
                }
            },
            "notification-url": "https://packagist.org/downloads/",
            "license": [
                "MIT"
            ],
            "authors": [
                {
                    "name": "Matt Butcher",
                    "email": "technosophos@gmail.com"
                },
                {
                    "name": "Asmir Mustafic",
                    "email": "goetas@gmail.com"
                },
                {
                    "name": "Matt Farina",
                    "email": "matt@mattfarina.com"
                }
            ],
            "description": "An HTML5 parser and serializer.",
            "homepage": "http://masterminds.github.io/html5-php",
            "keywords": [
                "HTML5",
                "dom",
                "html",
                "parser",
                "querypath",
                "serializer",
                "xml"
            ],
            "time": "2015-06-07 08:43:18"
        },
        {
            "name": "phpzip/phpzip",
            "version": "2.0.7",
            "source": {
                "type": "git",
                "url": "https://github.com/Grandt/PHPZip.git",
                "reference": "a43a7ce8b2f21050f8b143876c5c1661b0d65306"
            },
            "dist": {
                "type": "zip",
                "url": "https://api.github.com/repos/Grandt/PHPZip/zipball/a43a7ce8b2f21050f8b143876c5c1661b0d65306",
                "reference": "a43a7ce8b2f21050f8b143876c5c1661b0d65306",
                "shasum": ""
            },
            "require": {
                "grandt/binstring": ">=0.2.0",
                "grandt/phpzipmerge": ">=1.0.3",
                "grandt/relativepath": ">=1.0.1",
                "php": ">=5.3.0"
            },
            "type": "library",
            "autoload": {
                "psr-4": {
                    "PHPZip\\Zip\\": "src/Zip"
                }
            },
            "notification-url": "https://packagist.org/downloads/",
            "license": [
                "LGPL-2.1"
            ],
            "authors": [
                {
                    "name": "Adam Schmalhofer",
                    "email": "Adam.Schmalhofer@gmx.de",
                    "role": "Developer"
                },
                {
                    "name": "A. Grandt",
                    "email": "php@grandt.com",
                    "homepage": "http://grandt.com",
                    "role": "Developer"
                },
                {
                    "name": "Greg Kappatos",
                    "homepage": "http://websiteconnect.com.au",
                    "role": "Developer"
                }
            ],
            "description": "Package to create and stream archives of compressed files in ZIP format with PHP 5.3+",
            "homepage": "https://github.com/Grandt/PHPZip",
            "keywords": [
                "archive",
                "compressed",
                "compression",
                "phpzip",
                "pkzip",
                "stream",
                "zip"
            ],
            "time": "2015-04-30 06:45:53"
        },
        {
            "name": "querypath/querypath",
            "version": "3.0.3",
            "source": {
                "type": "git",
                "url": "https://github.com/technosophos/querypath.git",
                "reference": "13224745f7348e099d2dde9e555bc8972c21a810"
            },
            "dist": {
                "type": "zip",
                "url": "https://api.github.com/repos/technosophos/querypath/zipball/13224745f7348e099d2dde9e555bc8972c21a810",
                "reference": "13224745f7348e099d2dde9e555bc8972c21a810",
                "shasum": ""
            },
            "require": {
                "php": ">=5.3.0"
            },
            "type": "library",
            "autoload": {
                "psr-0": {
                    "QueryPath": "src/"
                },
                "files": [
                    "src/qp_functions.php"
                ]
            },
            "notification-url": "https://packagist.org/downloads/",
            "license": [
                "MIT"
            ],
            "description": "HTML/XML querying (CSS 4 or XPath) and processing (like jQuery)",
            "homepage": "https://github.com/technosophos/querypath",
            "keywords": [
                "css",
                "html",
                "jquery",
                "xml",
                "xslt"
            ],
            "time": "2014-09-23 19:04:19"
        },
        {
            "name": "slim/logger",
            "version": "0.1.0",
            "source": {
                "type": "git",
                "url": "https://github.com/codeguy/Slim-Logger.git",
                "reference": "ad3a2e62236f5d37056de9a4586659edc8164937"
            },
            "dist": {
                "type": "zip",
                "url": "https://api.github.com/repos/codeguy/Slim-Logger/zipball/ad3a2e62236f5d37056de9a4586659edc8164937",
                "reference": "ad3a2e62236f5d37056de9a4586659edc8164937",
                "shasum": ""
            },
            "require": {
                "php": ">=5.3.0",
                "slim/slim": ">=2.4.0"
            },
            "type": "library",
            "autoload": {
                "psr-4": {
                    "Slim\\Logger\\": ""
                }
            },
            "notification-url": "https://packagist.org/downloads/",
            "license": [
                "MIT"
            ],
            "authors": [
                {
                    "name": "Josh Lockhart",
                    "email": "info@joshlockhart.com",
                    "homepage": "http://www.joshlockhart.com/"
                }
            ],
            "description": "Slim Framework logger",
            "time": "2014-07-16 20:11:26"
        },
        {
            "name": "slim/slim",
            "version": "2.6.2",
            "source": {
                "type": "git",
                "url": "https://github.com/slimphp/Slim.git",
                "reference": "20a02782f76830b67ae56a5c08eb1f563c351a37"
            },
            "dist": {
                "type": "zip",
                "url": "https://api.github.com/repos/slimphp/Slim/zipball/20a02782f76830b67ae56a5c08eb1f563c351a37",
                "reference": "20a02782f76830b67ae56a5c08eb1f563c351a37",
                "shasum": ""
            },
            "require": {
                "php": ">=5.3.0"
            },
            "suggest": {
                "ext-mcrypt": "Required for HTTP cookie encryption"
            },
            "type": "library",
            "autoload": {
                "psr-0": {
                    "Slim": "."
                }
            },
            "notification-url": "https://packagist.org/downloads/",
            "license": [
                "MIT"
            ],
            "authors": [
                {
                    "name": "Josh Lockhart",
                    "email": "info@joshlockhart.com",
                    "homepage": "http://www.joshlockhart.com/"
                }
            ],
            "description": "Slim Framework, a PHP micro framework",
            "homepage": "http://github.com/codeguy/Slim",
            "keywords": [
                "microframework",
                "rest",
                "router"
            ],
            "time": "2015-03-08 18:41:17"
        }
    ],
    "packages-dev": [],
    "aliases": [],
    "minimum-stability": "stable",
    "stability-flags": [],
    "prefer-stable": false,
    "prefer-lowest": false,
    "platform": [],
    "platform-dev": []
}
